
Microsoft Visual Studio Solution File, Format Version 12.00
# Visual Studio 15
VisualStudioVersion = 15.0.28307.902
MinimumVisualStudioVersion = 10.0.40219.1
Project("{FAE04EC0-301F-11D3-BF4B-00C04F79EFBC}") = "Peter Griffin", "Peter Griffin\Peter Griffin.csproj", "{101D77FA-A8EB-4524-9AAE-E782A4D7A466}"
EndProject
Global
	GlobalSection(SolutionConfigurationPlatforms) = preSolution
		Debug|Any CPU = Debug|Any CPU
		Release|Any CPU = Release|Any CPU
	EndGlobalSection
	GlobalSection(ProjectConfigurationPlatforms) = postSolution
		{101D77FA-A8EB-4524-9AAE-E782A4D7A466}.Debug|Any CPU.ActiveCfg = Debug|Any CPU
		{101D77FA-A8EB-4524-9AAE-E782A4D7A466}.Debug|Any CPU.Build.0 = Debug|Any CPU
		{101D77FA-A8EB-4524-9AAE-E782A4D7A466}.Release|Any CPU.ActiveCfg = Release|Any CPU
		{101D77FA-A8EB-4524-9AAE-E782A4D7A466}.Release|Any CPU.Build.0 = Release|Any CPU
	EndGlobalSection
	GlobalSection(SolutionProperties) = preSolution
		HideSolutionNode = FALSE
	EndGlobalSection
	GlobalSection(ExtensibilityGlobals) = postSolution
		SolutionGuid = {9691B0F3-225D-4555-A2E5-1A9C4A8C7BF8}
	EndGlobalSection
EndGlobal
